// !$*UTF8*$!
{
	archiveVersion = 1;
	classes = {
	};
	objectVersion = 56;
	objects = {

/* Begin PBXBuildFile section */
		498BCB4B2C4BCECB00EDC84E /* Hitter.swift in Sources */ = {isa = PBXBuildFile; fileRef = 498BCB4A2C4BCECB00EDC84E /* Hitter.swift */; };
		498BCB4D2C4BCF3600EDC84E /* Pitcher.swift in Sources */ = {isa = PBXBuildFile; fileRef = 498BCB4C2C4BCF3600EDC84E /* Pitcher.swift */; };
		498BCB512C4BD6A300EDC84E /* Extensions.swift in Sources */ = {isa = PBXBuildFile; fileRef = 498BCB502C4BD6A300EDC84E /* Extensions.swift */; };
		498BCB532C4C040200EDC84E /* Fielder.swift in Sources */ = {isa = PBXBuildFile; fileRef = 498BCB522C4C040200EDC84E /* Fielder.swift */; };
		498BCB552C4CAE7700EDC84E /* Catcher.swift in Sources */ = {isa = PBXBuildFile; fileRef = 498BCB542C4CAE7700EDC84E /* Catcher.swift */; };
		498BCB5B2C4CE6C500EDC84E /* FielderStatsView.swift in Sources */ = {isa = PBXBuildFile; fileRef = 498BCB5A2C4CE6C500EDC84E /* FielderStatsView.swift */; };
		498BCB5D2C4CE72A00EDC84E /* FielderStatsView-ViewModel.swift in Sources */ = {isa = PBXBuildFile; fileRef = 498BCB5C2C4CE72A00EDC84E /* FielderStatsView-ViewModel.swift */; };
		498BCB612C4CE83400EDC84E /* HitterStatsView-ViewModel.swift in Sources */ = {isa = PBXBuildFile; fileRef = 498BCB602C4CE83400EDC84E /* HitterStatsView-ViewModel.swift */; };
		498BCB632C4CE90300EDC84E /* PitcherStatsView.swift in Sources */ = {isa = PBXBuildFile; fileRef = 498BCB622C4CE90300EDC84E /* PitcherStatsView.swift */; };
		498BCB652C4CE91400EDC84E /* PitcherStatsView-ViewModel.swift in Sources */ = {isa = PBXBuildFile; fileRef = 498BCB642C4CE91400EDC84E /* PitcherStatsView-ViewModel.swift */; };
		498BCB672C4CE92700EDC84E /* CatcherStatsView.swift in Sources */ = {isa = PBXBuildFile; fileRef = 498BCB662C4CE92700EDC84E /* CatcherStatsView.swift */; };
		498BCB692C4CE93200EDC84E /* CatcherStatsView-ViewModel.swift in Sources */ = {isa = PBXBuildFile; fileRef = 498BCB682C4CE93200EDC84E /* CatcherStatsView-ViewModel.swift */; };
		498BCB6B2C4CEBDE00EDC84E /* HitterStatsView.swift in Sources */ = {isa = PBXBuildFile; fileRef = 498BCB6A2C4CEBDE00EDC84E /* HitterStatsView.swift */; };
		498BCB772C4E1E0C00EDC84E /* Enumerations.swift in Sources */ = {isa = PBXBuildFile; fileRef = 498BCB762C4E1E0C00EDC84E /* Enumerations.swift */; };
		49DC63102C44950100A5C81A /* MLBStatsApp.swift in Sources */ = {isa = PBXBuildFile; fileRef = 49DC630F2C44950100A5C81A /* MLBStatsApp.swift */; };
		49DC63122C44950100A5C81A /* ContentView.swift in Sources */ = {isa = PBXBuildFile; fileRef = 49DC63112C44950100A5C81A /* ContentView.swift */; };
		49DC63142C44950200A5C81A /* Assets.xcassets in Resources */ = {isa = PBXBuildFile; fileRef = 49DC63132C44950200A5C81A /* Assets.xcassets */; };
		49DC63172C44950200A5C81A /* Preview Assets.xcassets in Resources */ = {isa = PBXBuildFile; fileRef = 49DC63162C44950200A5C81A /* Preview Assets.xcassets */; };
		49DC631E2C44984200A5C81A /* ContentView-ViewModel.swift in Sources */ = {isa = PBXBuildFile; fileRef = 49DC631D2C44984200A5C81A /* ContentView-ViewModel.swift */; };
/* End PBXBuildFile section */

/* Begin PBXFileReference section */
		498BCB4A2C4BCECB00EDC84E /* Hitter.swift */ = {isa = PBXFileReference; lastKnownFileType = sourcecode.swift; path = Hitter.swift; sourceTree = "<group>"; };
		498BCB4C2C4BCF3600EDC84E /* Pitcher.swift */ = {isa = PBXFileReference; lastKnownFileType = sourcecode.swift; path = Pitcher.swift; sourceTree = "<group>"; };
		498BCB502C4BD6A300EDC84E /* Extensions.swift */ = {isa = PBXFileReference; lastKnownFileType = sourcecode.swift; path = Extensions.swift; sourceTree = "<group>"; };
		498BCB522C4C040200EDC84E /* Fielder.swift */ = {isa = PBXFileReference; lastKnownFileType = sourcecode.swift; path = Fielder.swift; sourceTree = "<group>"; };
		498BCB542C4CAE7700EDC84E /* Catcher.swift */ = {isa = PBXFileReference; lastKnownFileType = sourcecode.swift; path = Catcher.swift; sourceTree = "<group>"; };
		498BCB5A2C4CE6C500EDC84E /* FielderStatsView.swift */ = {isa = PBXFileReference; lastKnownFileType = sourcecode.swift; path = FielderStatsView.swift; sourceTree = "<group>"; };
		498BCB5C2C4CE72A00EDC84E /* FielderStatsView-ViewModel.swift */ = {isa = PBXFileReference; lastKnownFileType = sourcecode.swift; path = "FielderStatsView-ViewModel.swift"; sourceTree = "<group>"; };
		498BCB602C4CE83400EDC84E /* HitterStatsView-ViewModel.swift */ = {isa = PBXFileReference; lastKnownFileType = sourcecode.swift; path = "HitterStatsView-ViewModel.swift"; sourceTree = "<group>"; };
		498BCB622C4CE90300EDC84E /* PitcherStatsView.swift */ = {isa = PBXFileReference; lastKnownFileType = sourcecode.swift; path = PitcherStatsView.swift; sourceTree = "<group>"; };
		498BCB642C4CE91400EDC84E /* PitcherStatsView-ViewModel.swift */ = {isa = PBXFileReference; lastKnownFileType = sourcecode.swift; path = "PitcherStatsView-ViewModel.swift"; sourceTree = "<group>"; };
		498BCB662C4CE92700EDC84E /* CatcherStatsView.swift */ = {isa = PBXFileReference; lastKnownFileType = sourcecode.swift; path = CatcherStatsView.swift; sourceTree = "<group>"; };
		498BCB682C4CE93200EDC84E /* CatcherStatsView-ViewModel.swift */ = {isa = PBXFileReference; lastKnownFileType = sourcecode.swift; path = "CatcherStatsView-ViewModel.swift"; sourceTree = "<group>"; };
		498BCB6A2C4CEBDE00EDC84E /* HitterStatsView.swift */ = {isa = PBXFileReference; lastKnownFileType = sourcecode.swift; path = HitterStatsView.swift; sourceTree = "<group>"; };
		498BCB762C4E1E0C00EDC84E /* Enumerations.swift */ = {isa = PBXFileReference; lastKnownFileType = sourcecode.swift; path = Enumerations.swift; sourceTree = "<group>"; };
		49DC630C2C44950100A5C81A /* MLBStats.app */ = {isa = PBXFileReference; explicitFileType = wrapper.application; includeInIndex = 0; path = MLBStats.app; sourceTree = BUILT_PRODUCTS_DIR; };
		49DC630F2C44950100A5C81A /* MLBStatsApp.swift */ = {isa = PBXFileReference; lastKnownFileType = sourcecode.swift; path = MLBStatsApp.swift; sourceTree = "<group>"; };
		49DC63112C44950100A5C81A /* ContentView.swift */ = {isa = PBXFileReference; lastKnownFileType = sourcecode.swift; path = ContentView.swift; sourceTree = "<group>"; };
		49DC63132C44950200A5C81A /* Assets.xcassets */ = {isa = PBXFileReference; lastKnownFileType = folder.assetcatalog; path = Assets.xcassets; sourceTree = "<group>"; };
		49DC63162C44950200A5C81A /* Preview Assets.xcassets */ = {isa = PBXFileReference; lastKnownFileType = folder.assetcatalog; path = "Preview Assets.xcassets"; sourceTree = "<group>"; };
		49DC631D2C44984200A5C81A /* ContentView-ViewModel.swift */ = {isa = PBXFileReference; lastKnownFileType = sourcecode.swift; path = "ContentView-ViewModel.swift"; sourceTree = "<group>"; };
/* End PBXFileReference section */

/* Begin PBXFrameworksBuildPhase section */
		49DC63092C44950100A5C81A /* Frameworks */ = {
			isa = PBXFrameworksBuildPhase;
			buildActionMask = 2147483647;
			files = (
			);
			runOnlyForDeploymentPostprocessing = 0;
		};
/* End PBXFrameworksBuildPhase section */

/* Begin PBXGroup section */
		498BCB702C4CF6C000EDC84E /* Hitters */ = {
			isa = PBXGroup;
			children = (
				498BCB4A2C4BCECB00EDC84E /* Hitter.swift */,
				498BCB6A2C4CEBDE00EDC84E /* HitterStatsView.swift */,
				498BCB602C4CE83400EDC84E /* HitterStatsView-ViewModel.swift */,
			);
			path = Hitters;
			sourceTree = "<group>";
		};
		498BCB712C4CF6EC00EDC84E /* Pitchers */ = {
			isa = PBXGroup;
			children = (
				498BCB4C2C4BCF3600EDC84E /* Pitcher.swift */,
				498BCB622C4CE90300EDC84E /* PitcherStatsView.swift */,
				498BCB642C4CE91400EDC84E /* PitcherStatsView-ViewModel.swift */,
			);
			path = Pitchers;
			sourceTree = "<group>";
		};
		498BCB722C4CF70A00EDC84E /* Fielder */ = {
			isa = PBXGroup;
			children = (
				498BCB522C4C040200EDC84E /* Fielder.swift */,
				498BCB5A2C4CE6C500EDC84E /* FielderStatsView.swift */,
				498BCB5C2C4CE72A00EDC84E /* FielderStatsView-ViewModel.swift */,
			);
			path = Fielder;
			sourceTree = "<group>";
		};
		498BCB732C4CF72300EDC84E /* Catcher */ = {
			isa = PBXGroup;
			children = (
				498BCB542C4CAE7700EDC84E /* Catcher.swift */,
				498BCB662C4CE92700EDC84E /* CatcherStatsView.swift */,
				498BCB682C4CE93200EDC84E /* CatcherStatsView-ViewModel.swift */,
			);
			path = Catcher;
			sourceTree = "<group>";
		};
		49DC63032C44950100A5C81A = {
			isa = PBXGroup;
			children = (
				49DC630E2C44950100A5C81A /* MLBStats */,
				49DC630D2C44950100A5C81A /* Products */,
			);
			sourceTree = "<group>";
		};
		49DC630D2C44950100A5C81A /* Products */ = {
			isa = PBXGroup;
			children = (
				49DC630C2C44950100A5C81A /* MLBStats.app */,
			);
			name = Products;
			sourceTree = "<group>";
		};
		49DC630E2C44950100A5C81A /* MLBStats */ = {
			isa = PBXGroup;
			children = (
				49DC630F2C44950100A5C81A /* MLBStatsApp.swift */,
				49DC63112C44950100A5C81A /* ContentView.swift */,
				49DC631D2C44984200A5C81A /* ContentView-ViewModel.swift */,
				498BCB702C4CF6C000EDC84E /* Hitters */,
				498BCB712C4CF6EC00EDC84E /* Pitchers */,
				498BCB722C4CF70A00EDC84E /* Fielder */,
				498BCB732C4CF72300EDC84E /* Catcher */,
				498BCB762C4E1E0C00EDC84E /* Enumerations.swift */,
				498BCB502C4BD6A300EDC84E /* Extensions.swift */,
				49DC63132C44950200A5C81A /* Assets.xcassets */,
				49DC63152C44950200A5C81A /* Preview Content */,
			);
			path = MLBStats;
			sourceTree = "<group>";
		};
		49DC63152C44950200A5C81A /* Preview Content */ = {
			isa = PBXGroup;
			children = (
				49DC63162C44950200A5C81A /* Preview Assets.xcassets */,
			);
			path = "Preview Content";
			sourceTree = "<group>";
		};
/* End PBXGroup section */

/* Begin PBXNativeTarget section */
		49DC630B2C44950100A5C81A /* MLBStats */ = {
			isa = PBXNativeTarget;
			buildConfigurationList = 49DC631A2C44950200A5C81A /* Build configuration list for PBXNativeTarget "MLBStats" */;
			buildPhases = (
				49DC63082C44950100A5C81A /* Sources */,
				49DC63092C44950100A5C81A /* Frameworks */,
				49DC630A2C44950100A5C81A /* Resources */,
			);
			buildRules = (
			);
			dependencies = (
			);
			name = MLBStats;
			productName = MLBStats;
			productReference = 49DC630C2C44950100A5C81A /* MLBStats.app */;
			productType = "com.apple.product-type.application";
		};
/* End PBXNativeTarget section */

/* Begin PBXProject section */
		49DC63042C44950100A5C81A /* Project object */ = {
			isa = PBXProject;
			attributes = {
				BuildIndependentTargetsInParallel = 1;
				LastSwiftUpdateCheck = 1540;
				LastUpgradeCheck = 1540;
				TargetAttributes = {
					49DC630B2C44950100A5C81A = {
						CreatedOnToolsVersion = 15.4;
					};
				};
			};
			buildConfigurationList = 49DC63072C44950100A5C81A /* Build configuration list for PBXProject "MLBStats" */;
			compatibilityVersion = "Xcode 14.0";
			developmentRegion = en;
			hasScannedForEncodings = 0;
			knownRegions = (
				en,
				Base,
			);
			mainGroup = 49DC63032C44950100A5C81A;
			productRefGroup = 49DC630D2C44950100A5C81A /* Products */;
			projectDirPath = "";
			projectRoot = "";
			targets = (
				49DC630B2C44950100A5C81A /* MLBStats */,
			);
		};
/* End PBXProject section */

/* Begin PBXResourcesBuildPhase section */
		49DC630A2C44950100A5C81A /* Resources */ = {
			isa = PBXResourcesBuildPhase;
			buildActionMask = 2147483647;
			files = (
				49DC63172C44950200A5C81A /* Preview Assets.xcassets in Resources */,
				49DC63142C44950200A5C81A /* Assets.xcassets in Resources */,
			);
			runOnlyForDeploymentPostprocessing = 0;
		};
/* End PBXResourcesBuildPhase section */

/* Begin PBXSourcesBuildPhase section */
		49DC63082C44950100A5C81A /* Sources */ = {
			isa = PBXSourcesBuildPhase;
			buildActionMask = 2147483647;
			files = (
				498BCB692C4CE93200EDC84E /* CatcherStatsView-ViewModel.swift in Sources */,
				49DC63122C44950100A5C81A /* ContentView.swift in Sources */,
				498BCB512C4BD6A300EDC84E /* Extensions.swift in Sources */,
				498BCB5D2C4CE72A00EDC84E /* FielderStatsView-ViewModel.swift in Sources */,
				498BCB552C4CAE7700EDC84E /* Catcher.swift in Sources */,
				49DC631E2C44984200A5C81A /* ContentView-ViewModel.swift in Sources */,
				498BCB672C4CE92700EDC84E /* CatcherStatsView.swift in Sources */,
				498BCB652C4CE91400EDC84E /* PitcherStatsView-ViewModel.swift in Sources */,
				498BCB6B2C4CEBDE00EDC84E /* HitterStatsView.swift in Sources */,
				498BCB632C4CE90300EDC84E /* PitcherStatsView.swift in Sources */,
				498BCB532C4C040200EDC84E /* Fielder.swift in Sources */,
				498BCB772C4E1E0C00EDC84E /* Enumerations.swift in Sources */,
				498BCB4B2C4BCECB00EDC84E /* Hitter.swift in Sources */,
				49DC63102C44950100A5C81A /* MLBStatsApp.swift in Sources */,
				498BCB612C4CE83400EDC84E /* HitterStatsView-ViewModel.swift in Sources */,
				498BCB4D2C4BCF3600EDC84E /* Pitcher.swift in Sources */,
				498BCB5B2C4CE6C500EDC84E /* FielderStatsView.swift in Sources */,
			);
			runOnlyForDeploymentPostprocessing = 0;
		};
/* End PBXSourcesBuildPhase section */

/* Begin XCBuildConfiguration section */
		49DC63182C44950200A5C81A /* Debug */ = {
			isa = XCBuildConfiguration;
			buildSettings = {
				ALWAYS_SEARCH_USER_PATHS = NO;
				ASSETCATALOG_COMPILER_GENERATE_SWIFT_ASSET_SYMBOL_EXTENSIONS = YES;
				CLANG_ANALYZER_NONNULL = YES;
				CLANG_ANALYZER_NUMBER_OBJECT_CONVERSION = YES_AGGRESSIVE;
				CLANG_CXX_LANGUAGE_STANDARD = "gnu++20";
				CLANG_ENABLE_MODULES = YES;
				CLANG_ENABLE_OBJC_ARC = YES;
				CLANG_ENABLE_OBJC_WEAK = YES;
				CLANG_WARN_BLOCK_CAPTURE_AUTORELEASING = YES;
				CLANG_WARN_BOOL_CONVERSION = YES;
				CLANG_WARN_COMMA = YES;
				CLANG_WARN_CONSTANT_CONVERSION = YES;
				CLANG_WARN_DEPRECATED_OBJC_IMPLEMENTATIONS = YES;
				CLANG_WARN_DIRECT_OBJC_ISA_USAGE = YES_ERROR;
				CLANG_WARN_DOCUMENTATION_COMMENTS = YES;
				CLANG_WARN_EMPTY_BODY = YES;
				CLANG_WARN_ENUM_CONVERSION = YES;
				CLANG_WARN_INFINITE_RECURSION = YES;
				CLANG_WARN_INT_CONVERSION = YES;
				CLANG_WARN_NON_LITERAL_NULL_CONVERSION = YES;
				CLANG_WARN_OBJC_IMPLICIT_RETAIN_SELF = YES;
				CLANG_WARN_OBJC_LITERAL_CONVERSION = YES;
				CLANG_WARN_OBJC_ROOT_CLASS = YES_ERROR;
				CLANG_WARN_QUOTED_INCLUDE_IN_FRAMEWORK_HEADER = YES;
				CLANG_WARN_RANGE_LOOP_ANALYSIS = YES;
				CLANG_WARN_STRICT_PROTOTYPES = YES;
				CLANG_WARN_SUSPICIOUS_MOVE = YES;
				CLANG_WARN_UNGUARDED_AVAILABILITY = YES_AGGRESSIVE;
				CLANG_WARN_UNREACHABLE_CODE = YES;
				CLANG_WARN__DUPLICATE_METHOD_MATCH = YES;
				COPY_PHASE_STRIP = NO;
				DEBUG_INFORMATION_FORMAT = dwarf;
				ENABLE_STRICT_OBJC_MSGSEND = YES;
				ENABLE_TESTABILITY = YES;
				ENABLE_USER_SCRIPT_SANDBOXING = YES;
				GCC_C_LANGUAGE_STANDARD = gnu17;
				GCC_DYNAMIC_NO_PIC = NO;
				GCC_NO_COMMON_BLOCKS = YES;
				GCC_OPTIMIZATION_LEVEL = 0;
				GCC_PREPROCESSOR_DEFINITIONS = (
					"DEBUG=1",
					"$(inherited)",
				);
				GCC_WARN_64_TO_32_BIT_CONVERSION = YES;
				GCC_WARN_ABOUT_RETURN_TYPE = YES_ERROR;
				GCC_WARN_UNDECLARED_SELECTOR = YES;
				GCC_WARN_UNINITIALIZED_AUTOS = YES_AGGRESSIVE;
				GCC_WARN_UNUSED_FUNCTION = YES;
				GCC_WARN_UNUSED_VARIABLE = YES;
				IPHONEOS_DEPLOYMENT_TARGET = 17.5;
				LOCALIZATION_PREFERS_STRING_CATALOGS = YES;
				MTL_ENABLE_DEBUG_INFO = INCLUDE_SOURCE;
				MTL_FAST_MATH = YES;
				ONLY_ACTIVE_ARCH = YES;
				SDKROOT = iphoneos;
				SWIFT_ACTIVE_COMPILATION_CONDITIONS = "DEBUG $(inherited)";
				SWIFT_OPTIMIZATION_LEVEL = "-Onone";
			};
			name = Debug;
		};
		49DC63192C44950200A5C81A /* Release */ = {
			isa = XCBuildConfiguration;
			buildSettings = {
				ALWAYS_SEARCH_USER_PATHS = NO;
				ASSETCATALOG_COMPILER_GENERATE_SWIFT_ASSET_SYMBOL_EXTENSIONS = YES;
				CLANG_ANALYZER_NONNULL = YES;
				CLANG_ANALYZER_NUMBER_OBJECT_CONVERSION = YES_AGGRESSIVE;
				CLANG_CXX_LANGUAGE_STANDARD = "gnu++20";
				CLANG_ENABLE_MODULES = YES;
				CLANG_ENABLE_OBJC_ARC = YES;
				CLANG_ENABLE_OBJC_WEAK = YES;
				CLANG_WARN_BLOCK_CAPTURE_AUTORELEASING = YES;
				CLANG_WARN_BOOL_CONVERSION = YES;
				CLANG_WARN_COMMA = YES;
				CLANG_WARN_CONSTANT_CONVERSION = YES;
				CLANG_WARN_DEPRECATED_OBJC_IMPLEMENTATIONS = YES;
				CLANG_WARN_DIRECT_OBJC_ISA_USAGE = YES_ERROR;
				CLANG_WARN_DOCUMENTATION_COMMENTS = YES;
				CLANG_WARN_EMPTY_BODY = YES;
				CLANG_WARN_ENUM_CONVERSION = YES;
				CLANG_WARN_INFINITE_RECURSION = YES;
				CLANG_WARN_INT_CONVERSION = YES;
				CLANG_WARN_NON_LITERAL_NULL_CONVERSION = YES;
				CLANG_WARN_OBJC_IMPLICIT_RETAIN_SELF = YES;
				CLANG_WARN_OBJC_LITERAL_CONVERSION = YES;
				CLANG_WARN_OBJC_ROOT_CLASS = YES_ERROR;
				CLANG_WARN_QUOTED_INCLUDE_IN_FRAMEWORK_HEADER = YES;
				CLANG_WARN_RANGE_LOOP_ANALYSIS = YES;
				CLANG_WARN_STRICT_PROTOTYPES = YES;
				CLANG_WARN_SUSPICIOUS_MOVE = YES;
				CLANG_WARN_UNGUARDED_AVAILABILITY = YES_AGGRESSIVE;
				CLANG_WARN_UNREACHABLE_CODE = YES;
				CLANG_WARN__DUPLICATE_METHOD_MATCH = YES;
				COPY_PHASE_STRIP = NO;
				DEBUG_INFORMATION_FORMAT = "dwarf-with-dsym";
				ENABLE_NS_ASSERTIONS = NO;
				ENABLE_STRICT_OBJC_MSGSEND = YES;
				ENABLE_USER_SCRIPT_SANDBOXING = YES;
				GCC_C_LANGUAGE_STANDARD = gnu17;
				GCC_NO_COMMON_BLOCKS = YES;
				GCC_WARN_64_TO_32_BIT_CONVERSION = YES;
				GCC_WARN_ABOUT_RETURN_TYPE = YES_ERROR;
				GCC_WARN_UNDECLARED_SELECTOR = YES;
				GCC_WARN_UNINITIALIZED_AUTOS = YES_AGGRESSIVE;
				GCC_WARN_UNUSED_FUNCTION = YES;
				GCC_WARN_UNUSED_VARIABLE = YES;
				IPHONEOS_DEPLOYMENT_TARGET = 17.5;
				LOCALIZATION_PREFERS_STRING_CATALOGS = YES;
				MTL_ENABLE_DEBUG_INFO = NO;
				MTL_FAST_MATH = YES;
				SDKROOT = iphoneos;
				SWIFT_COMPILATION_MODE = wholemodule;
				VALIDATE_PRODUCT = YES;
			};
			name = Release;
		};
		49DC631B2C44950200A5C81A /* Debug */ = {
			isa = XCBuildConfiguration;
			buildSettings = {
				ASSETCATALOG_COMPILER_APPICON_NAME = AppIcon;
				ASSETCATALOG_COMPILER_GLOBAL_ACCENT_COLOR_NAME = AccentColor;
				CODE_SIGN_STYLE = Automatic;
				CURRENT_PROJECT_VERSION = 1;
				DEVELOPMENT_ASSET_PATHS = "\"MLBStats/Preview Content\"";
				ENABLE_PREVIEWS = YES;
				GENERATE_INFOPLIST_FILE = YES;
				INFOPLIST_KEY_UIApplicationSceneManifest_Generation = YES;
				INFOPLIST_KEY_UIApplicationSupportsIndirectInputEvents = YES;
				INFOPLIST_KEY_UILaunchScreen_Generation = YES;
				INFOPLIST_KEY_UISupportedInterfaceOrientations_iPad = "UIInterfaceOrientationPortrait UIInterfaceOrientationPortraitUpsideDown UIInterfaceOrientationLandscapeLeft UIInterfaceOrientationLandscapeRight";
				INFOPLIST_KEY_UISupportedInterfaceOrientations_iPhone = "UIInterfaceOrientationPortrait UIInterfaceOrientationLandscapeLeft UIInterfaceOrientationLandscapeRight";
				LD_RUNPATH_SEARCH_PATHS = (
					"$(inherited)",
					"@executable_path/Frameworks",
				);
				MARKETING_VERSION = 1.0;
				PRODUCT_BUNDLE_IDENTIFIER = com.andrewxin.MLBStats;
				PRODUCT_NAME = "$(TARGET_NAME)";
				SWIFT_EMIT_LOC_STRINGS = YES;
				SWIFT_VERSION = 5.0;
				TARGETED_DEVICE_FAMILY = "1,2";
			};
			name = Debug;
		};
		49DC631C2C44950200A5C81A /* Release */ = {
			isa = XCBuildConfiguration;
			buildSettings = {
				ASSETCATALOG_COMPILER_APPICON_NAME = AppIcon;
				ASSETCATALOG_COMPILER_GLOBAL_ACCENT_COLOR_NAME = AccentColor;
				CODE_SIGN_STYLE = Automatic;
				CURRENT_PROJECT_VERSION = 1;
				DEVELOPMENT_ASSET_PATHS = "\"MLBStats/Preview Content\"";
				ENABLE_PREVIEWS = YES;
				GENERATE_INFOPLIST_FILE = YES;
				INFOPLIST_KEY_UIApplicationSceneManifest_Generation = YES;
				INFOPLIST_KEY_UIApplicationSupportsIndirectInputEvents = YES;
				INFOPLIST_KEY_UILaunchScreen_Generation = YES;
				INFOPLIST_KEY_UISupportedInterfaceOrientations_iPad = "UIInterfaceOrientationPortrait UIInterfaceOrientationPortraitUpsideDown UIInterfaceOrientationLandscapeLeft UIInterfaceOrientationLandscapeRight";
				INFOPLIST_KEY_UISupportedInterfaceOrientations_iPhone = "UIInterfaceOrientationPortrait UIInterfaceOrientationLandscapeLeft UIInterfaceOrientationLandscapeRight";
				LD_RUNPATH_SEARCH_PATHS = (
					"$(inherited)",
					"@executable_path/Frameworks",
				);
				MARKETING_VERSION = 1.0;
				PRODUCT_BUNDLE_IDENTIFIER = com.andrewxin.MLBStats;
				PRODUCT_NAME = "$(TARGET_NAME)";
				SWIFT_EMIT_LOC_STRINGS = YES;
				SWIFT_VERSION = 5.0;
				TARGETED_DEVICE_FAMILY = "1,2";
			};
			name = Release;
		};
/* End XCBuildConfiguration section */

/* Begin XCConfigurationList section */
		49DC63072C44950100A5C81A /* Build configuration list for PBXProject "MLBStats" */ = {
			isa = XCConfigurationList;
			buildConfigurations = (
				49DC63182C44950200A5C81A /* Debug */,
				49DC63192C44950200A5C81A /* Release */,
			);
			defaultConfigurationIsVisible = 0;
			defaultConfigurationName = Release;
		};
		49DC631A2C44950200A5C81A /* Build configuration list for PBXNativeTarget "MLBStats" */ = {
			isa = XCConfigurationList;
			buildConfigurations = (
				49DC631B2C44950200A5C81A /* Debug */,
				49DC631C2C44950200A5C81A /* Release */,
			);
			defaultConfigurationIsVisible = 0;
			defaultConfigurationName = Release;
		};
/* End XCConfigurationList section */
	};
	rootObject = 49DC63042C44950100A5C81A /* Project object */;
}
