// !$*UTF8*$!
{
	archiveVersion = 1;
	classes = {
	};
	objectVersion = 56;
	objects = {

/* Begin PBXBuildFile section */
		4908F5892C51E6A3000B98D5 /* TeamFieldingAndCatching.swift in Sources */ = {isa = PBXBuildFile; fileRef = 4908F5882C51E6A3000B98D5 /* TeamFieldingAndCatching.swift */; };
		4908F58B2C52956B000B98D5 /* ScheduleDetailView.swift in Sources */ = {isa = PBXBuildFile; fileRef = 4908F58A2C52956B000B98D5 /* ScheduleDetailView.swift */; };
		4912D4CF2C5961600078BC21 /* LiveData.swift in Sources */ = {isa = PBXBuildFile; fileRef = 4912D4CE2C5961600078BC21 /* LiveData.swift */; };
		4912D4D22C596B3E0078BC21 /* SDWebImageSVGCoder in Frameworks */ = {isa = PBXBuildFile; productRef = 4912D4D12C596B3E0078BC21 /* SDWebImageSVGCoder */; };
		4912D4D52C596B7C0078BC21 /* SDWebImageSwiftUI in Frameworks */ = {isa = PBXBuildFile; productRef = 4912D4D42C596B7C0078BC21 /* SDWebImageSwiftUI */; };
		493072402C5C56750057FF93 /* StatsManager.swift in Sources */ = {isa = PBXBuildFile; fileRef = 4930723F2C5C56750057FF93 /* StatsManager.swift */; };
		493072422C5C56AF0057FF93 /* StatsView.swift in Sources */ = {isa = PBXBuildFile; fileRef = 493072412C5C56AF0057FF93 /* StatsView.swift */; };
		493072442C5C56BA0057FF93 /* StatsView-ViewModel.swift in Sources */ = {isa = PBXBuildFile; fileRef = 493072432C5C56BA0057FF93 /* StatsView-ViewModel.swift */; };
		493072462C5C572B0057FF93 /* HomeView.swift in Sources */ = {isa = PBXBuildFile; fileRef = 493072452C5C572B0057FF93 /* HomeView.swift */; };
		493072482C5C580C0057FF93 /* ScheduleDetailView-ViewModel.swift in Sources */ = {isa = PBXBuildFile; fileRef = 493072472C5C580C0057FF93 /* ScheduleDetailView-ViewModel.swift */; };
		498BCB4B2C4BCECB00EDC84E /* Hitter.swift in Sources */ = {isa = PBXBuildFile; fileRef = 498BCB4A2C4BCECB00EDC84E /* Hitter.swift */; };
		498BCB4D2C4BCF3600EDC84E /* Pitcher.swift in Sources */ = {isa = PBXBuildFile; fileRef = 498BCB4C2C4BCF3600EDC84E /* Pitcher.swift */; };
		498BCB512C4BD6A300EDC84E /* Extensions.swift in Sources */ = {isa = PBXBuildFile; fileRef = 498BCB502C4BD6A300EDC84E /* Extensions.swift */; };
		498BCB532C4C040200EDC84E /* Fielder.swift in Sources */ = {isa = PBXBuildFile; fileRef = 498BCB522C4C040200EDC84E /* Fielder.swift */; };
		498BCB552C4CAE7700EDC84E /* Catcher.swift in Sources */ = {isa = PBXBuildFile; fileRef = 498BCB542C4CAE7700EDC84E /* Catcher.swift */; };
		498BCB5B2C4CE6C500EDC84E /* FielderStatsView.swift in Sources */ = {isa = PBXBuildFile; fileRef = 498BCB5A2C4CE6C500EDC84E /* FielderStatsView.swift */; };
		498BCB5D2C4CE72A00EDC84E /* FielderStatsView-ViewModel.swift in Sources */ = {isa = PBXBuildFile; fileRef = 498BCB5C2C4CE72A00EDC84E /* FielderStatsView-ViewModel.swift */; };
		498BCB612C4CE83400EDC84E /* HitterStatsView-ViewModel.swift in Sources */ = {isa = PBXBuildFile; fileRef = 498BCB602C4CE83400EDC84E /* HitterStatsView-ViewModel.swift */; };
		498BCB632C4CE90300EDC84E /* PitcherStatsView.swift in Sources */ = {isa = PBXBuildFile; fileRef = 498BCB622C4CE90300EDC84E /* PitcherStatsView.swift */; };
		498BCB652C4CE91400EDC84E /* PitcherStatsView-ViewModel.swift in Sources */ = {isa = PBXBuildFile; fileRef = 498BCB642C4CE91400EDC84E /* PitcherStatsView-ViewModel.swift */; };
		498BCB672C4CE92700EDC84E /* CatcherStatsView.swift in Sources */ = {isa = PBXBuildFile; fileRef = 498BCB662C4CE92700EDC84E /* CatcherStatsView.swift */; };
		498BCB692C4CE93200EDC84E /* CatcherStatsView-ViewModel.swift in Sources */ = {isa = PBXBuildFile; fileRef = 498BCB682C4CE93200EDC84E /* CatcherStatsView-ViewModel.swift */; };
		498BCB6B2C4CEBDE00EDC84E /* HitterStatsView.swift in Sources */ = {isa = PBXBuildFile; fileRef = 498BCB6A2C4CEBDE00EDC84E /* HitterStatsView.swift */; };
		498BCB772C4E1E0C00EDC84E /* Enumerations.swift in Sources */ = {isa = PBXBuildFile; fileRef = 498BCB762C4E1E0C00EDC84E /* Enumerations.swift */; };
		498BCB7E2C4E7ECD00EDC84E /* TimeFramePicker.swift in Sources */ = {isa = PBXBuildFile; fileRef = 498BCB7D2C4E7ECC00EDC84E /* TimeFramePicker.swift */; };
		498BCB802C4E817300EDC84E /* SeasonRangePicker.swift in Sources */ = {isa = PBXBuildFile; fileRef = 498BCB7F2C4E817300EDC84E /* SeasonRangePicker.swift */; };
		498BCB832C4E83E400EDC84E /* MinimumSelectionPicker.swift in Sources */ = {isa = PBXBuildFile; fileRef = 498BCB822C4E83E400EDC84E /* MinimumSelectionPicker.swift */; };
		498BCB852C4E856E00EDC84E /* NumberOfResultsView.swift in Sources */ = {isa = PBXBuildFile; fileRef = 498BCB842C4E856E00EDC84E /* NumberOfResultsView.swift */; };
		498BCB872C4F787C00EDC84E /* TeamIdMapping.swift in Sources */ = {isa = PBXBuildFile; fileRef = 498BCB862C4F787C00EDC84E /* TeamIdMapping.swift */; };
		498BCB8E2C4FB7D500EDC84E /* ScheduleView.swift in Sources */ = {isa = PBXBuildFile; fileRef = 498BCB8D2C4FB7D500EDC84E /* ScheduleView.swift */; };
		498BCB902C4FB7E000EDC84E /* Schedule.swift in Sources */ = {isa = PBXBuildFile; fileRef = 498BCB8F2C4FB7E000EDC84E /* Schedule.swift */; };
		498BCB942C4FD22100EDC84E /* ScheduleView-ViewModel.swift in Sources */ = {isa = PBXBuildFile; fileRef = 498BCB932C4FD22100EDC84E /* ScheduleView-ViewModel.swift */; };
		49DC63102C44950100A5C81A /* MLBStatsApp.swift in Sources */ = {isa = PBXBuildFile; fileRef = 49DC630F2C44950100A5C81A /* MLBStatsApp.swift */; };
		49DC63142C44950200A5C81A /* Assets.xcassets in Resources */ = {isa = PBXBuildFile; fileRef = 49DC63132C44950200A5C81A /* Assets.xcassets */; };
		49DC63172C44950200A5C81A /* Preview Assets.xcassets in Resources */ = {isa = PBXBuildFile; fileRef = 49DC63162C44950200A5C81A /* Preview Assets.xcassets */; };
		49EBD3992C56D11900AB0EF7 /* TeamHitting.swift in Sources */ = {isa = PBXBuildFile; fileRef = 49EBD3982C56D11900AB0EF7 /* TeamHitting.swift */; };
		49EBD39D2C56D59A00AB0EF7 /* TeamPitching.swift in Sources */ = {isa = PBXBuildFile; fileRef = 49EBD39C2C56D59A00AB0EF7 /* TeamPitching.swift */; };
/* End PBXBuildFile section */

/* Begin PBXFileReference section */
		4908F5882C51E6A3000B98D5 /* TeamFieldingAndCatching.swift */ = {isa = PBXFileReference; lastKnownFileType = sourcecode.swift; path = TeamFieldingAndCatching.swift; sourceTree = "<group>"; };
		4908F58A2C52956B000B98D5 /* ScheduleDetailView.swift */ = {isa = PBXFileReference; lastKnownFileType = sourcecode.swift; path = ScheduleDetailView.swift; sourceTree = "<group>"; };
		4912D4CE2C5961600078BC21 /* LiveData.swift */ = {isa = PBXFileReference; lastKnownFileType = sourcecode.swift; path = LiveData.swift; sourceTree = "<group>"; };
		4930723F2C5C56750057FF93 /* StatsManager.swift */ = {isa = PBXFileReference; lastKnownFileType = sourcecode.swift; path = StatsManager.swift; sourceTree = "<group>"; };
		493072412C5C56AF0057FF93 /* StatsView.swift */ = {isa = PBXFileReference; lastKnownFileType = sourcecode.swift; path = StatsView.swift; sourceTree = "<group>"; };
		493072432C5C56BA0057FF93 /* StatsView-ViewModel.swift */ = {isa = PBXFileReference; lastKnownFileType = sourcecode.swift; path = "StatsView-ViewModel.swift"; sourceTree = "<group>"; };
		493072452C5C572B0057FF93 /* HomeView.swift */ = {isa = PBXFileReference; lastKnownFileType = sourcecode.swift; path = HomeView.swift; sourceTree = "<group>"; };
		493072472C5C580C0057FF93 /* ScheduleDetailView-ViewModel.swift */ = {isa = PBXFileReference; lastKnownFileType = sourcecode.swift; path = "ScheduleDetailView-ViewModel.swift"; sourceTree = "<group>"; };
		498BCB4A2C4BCECB00EDC84E /* Hitter.swift */ = {isa = PBXFileReference; lastKnownFileType = sourcecode.swift; path = Hitter.swift; sourceTree = "<group>"; };
		498BCB4C2C4BCF3600EDC84E /* Pitcher.swift */ = {isa = PBXFileReference; lastKnownFileType = sourcecode.swift; path = Pitcher.swift; sourceTree = "<group>"; };
		498BCB502C4BD6A300EDC84E /* Extensions.swift */ = {isa = PBXFileReference; lastKnownFileType = sourcecode.swift; path = Extensions.swift; sourceTree = "<group>"; };
		498BCB522C4C040200EDC84E /* Fielder.swift */ = {isa = PBXFileReference; lastKnownFileType = sourcecode.swift; path = Fielder.swift; sourceTree = "<group>"; };
		498BCB542C4CAE7700EDC84E /* Catcher.swift */ = {isa = PBXFileReference; lastKnownFileType = sourcecode.swift; path = Catcher.swift; sourceTree = "<group>"; };
		498BCB5A2C4CE6C500EDC84E /* FielderStatsView.swift */ = {isa = PBXFileReference; lastKnownFileType = sourcecode.swift; path = FielderStatsView.swift; sourceTree = "<group>"; };
		498BCB5C2C4CE72A00EDC84E /* FielderStatsView-ViewModel.swift */ = {isa = PBXFileReference; lastKnownFileType = sourcecode.swift; path = "FielderStatsView-ViewModel.swift"; sourceTree = "<group>"; };
		498BCB602C4CE83400EDC84E /* HitterStatsView-ViewModel.swift */ = {isa = PBXFileReference; lastKnownFileType = sourcecode.swift; path = "HitterStatsView-ViewModel.swift"; sourceTree = "<group>"; };
		498BCB622C4CE90300EDC84E /* PitcherStatsView.swift */ = {isa = PBXFileReference; lastKnownFileType = sourcecode.swift; path = PitcherStatsView.swift; sourceTree = "<group>"; };
		498BCB642C4CE91400EDC84E /* PitcherStatsView-ViewModel.swift */ = {isa = PBXFileReference; lastKnownFileType = sourcecode.swift; path = "PitcherStatsView-ViewModel.swift"; sourceTree = "<group>"; };
		498BCB662C4CE92700EDC84E /* CatcherStatsView.swift */ = {isa = PBXFileReference; lastKnownFileType = sourcecode.swift; path = CatcherStatsView.swift; sourceTree = "<group>"; };
		498BCB682C4CE93200EDC84E /* CatcherStatsView-ViewModel.swift */ = {isa = PBXFileReference; lastKnownFileType = sourcecode.swift; path = "CatcherStatsView-ViewModel.swift"; sourceTree = "<group>"; };
		498BCB6A2C4CEBDE00EDC84E /* HitterStatsView.swift */ = {isa = PBXFileReference; lastKnownFileType = sourcecode.swift; path = HitterStatsView.swift; sourceTree = "<group>"; };
		498BCB762C4E1E0C00EDC84E /* Enumerations.swift */ = {isa = PBXFileReference; lastKnownFileType = sourcecode.swift; path = Enumerations.swift; sourceTree = "<group>"; };
		498BCB7D2C4E7ECC00EDC84E /* TimeFramePicker.swift */ = {isa = PBXFileReference; lastKnownFileType = sourcecode.swift; path = TimeFramePicker.swift; sourceTree = "<group>"; };
		498BCB7F2C4E817300EDC84E /* SeasonRangePicker.swift */ = {isa = PBXFileReference; lastKnownFileType = sourcecode.swift; path = SeasonRangePicker.swift; sourceTree = "<group>"; };
		498BCB822C4E83E400EDC84E /* MinimumSelectionPicker.swift */ = {isa = PBXFileReference; lastKnownFileType = sourcecode.swift; path = MinimumSelectionPicker.swift; sourceTree = "<group>"; };
		498BCB842C4E856E00EDC84E /* NumberOfResultsView.swift */ = {isa = PBXFileReference; lastKnownFileType = sourcecode.swift; path = NumberOfResultsView.swift; sourceTree = "<group>"; };
		498BCB862C4F787C00EDC84E /* TeamIdMapping.swift */ = {isa = PBXFileReference; lastKnownFileType = sourcecode.swift; path = TeamIdMapping.swift; sourceTree = "<group>"; };
		498BCB8D2C4FB7D500EDC84E /* ScheduleView.swift */ = {isa = PBXFileReference; lastKnownFileType = sourcecode.swift; path = ScheduleView.swift; sourceTree = "<group>"; };
		498BCB8F2C4FB7E000EDC84E /* Schedule.swift */ = {isa = PBXFileReference; lastKnownFileType = sourcecode.swift; path = Schedule.swift; sourceTree = "<group>"; };
		498BCB932C4FD22100EDC84E /* ScheduleView-ViewModel.swift */ = {isa = PBXFileReference; lastKnownFileType = sourcecode.swift; path = "ScheduleView-ViewModel.swift"; sourceTree = "<group>"; };
		49DC630C2C44950100A5C81A /* MLBStats.app */ = {isa = PBXFileReference; explicitFileType = wrapper.application; includeInIndex = 0; path = MLBStats.app; sourceTree = BUILT_PRODUCTS_DIR; };
		49DC630F2C44950100A5C81A /* MLBStatsApp.swift */ = {isa = PBXFileReference; lastKnownFileType = sourcecode.swift; path = MLBStatsApp.swift; sourceTree = "<group>"; };
		49DC63132C44950200A5C81A /* Assets.xcassets */ = {isa = PBXFileReference; lastKnownFileType = folder.assetcatalog; path = Assets.xcassets; sourceTree = "<group>"; };
		49DC63162C44950200A5C81A /* Preview Assets.xcassets */ = {isa = PBXFileReference; lastKnownFileType = folder.assetcatalog; path = "Preview Assets.xcassets"; sourceTree = "<group>"; };
		49EBD3982C56D11900AB0EF7 /* TeamHitting.swift */ = {isa = PBXFileReference; lastKnownFileType = sourcecode.swift; path = TeamHitting.swift; sourceTree = "<group>"; };
		49EBD39C2C56D59A00AB0EF7 /* TeamPitching.swift */ = {isa = PBXFileReference; lastKnownFileType = sourcecode.swift; path = TeamPitching.swift; sourceTree = "<group>"; };
/* End PBXFileReference section */

/* Begin PBXFrameworksBuildPhase section */
		49DC63092C44950100A5C81A /* Frameworks */ = {
			isa = PBXFrameworksBuildPhase;
			buildActionMask = 2147483647;
			files = (
				4912D4D52C596B7C0078BC21 /* SDWebImageSwiftUI in Frameworks */,
				4912D4D22C596B3E0078BC21 /* SDWebImageSVGCoder in Frameworks */,
			);
			runOnlyForDeploymentPostprocessing = 0;
		};
/* End PBXFrameworksBuildPhase section */

/* Begin PBXGroup section */
		4908F5822C50BFC6000B98D5 /* Schedule */ = {
			isa = PBXGroup;
			children = (
				498BCB8F2C4FB7E000EDC84E /* Schedule.swift */,
				498BCB8D2C4FB7D500EDC84E /* ScheduleView.swift */,
				498BCB932C4FD22100EDC84E /* ScheduleView-ViewModel.swift */,
				4908F58A2C52956B000B98D5 /* ScheduleDetailView.swift */,
				493072472C5C580C0057FF93 /* ScheduleDetailView-ViewModel.swift */,
				4908F5852C50C58B000B98D5 /* Teams */,
			);
			path = Schedule;
			sourceTree = "<group>";
		};
		4908F5852C50C58B000B98D5 /* Teams */ = {
			isa = PBXGroup;
			children = (
				4912D4CE2C5961600078BC21 /* LiveData.swift */,
				49EBD3982C56D11900AB0EF7 /* TeamHitting.swift */,
				49EBD39C2C56D59A00AB0EF7 /* TeamPitching.swift */,
				4908F5882C51E6A3000B98D5 /* TeamFieldingAndCatching.swift */,
			);
			path = Teams;
			sourceTree = "<group>";
		};
		498BCB702C4CF6C000EDC84E /* Hitters */ = {
			isa = PBXGroup;
			children = (
				498BCB4A2C4BCECB00EDC84E /* Hitter.swift */,
				498BCB6A2C4CEBDE00EDC84E /* HitterStatsView.swift */,
				498BCB602C4CE83400EDC84E /* HitterStatsView-ViewModel.swift */,
			);
			path = Hitters;
			sourceTree = "<group>";
		};
		498BCB712C4CF6EC00EDC84E /* Pitchers */ = {
			isa = PBXGroup;
			children = (
				498BCB4C2C4BCF3600EDC84E /* Pitcher.swift */,
				498BCB622C4CE90300EDC84E /* PitcherStatsView.swift */,
				498BCB642C4CE91400EDC84E /* PitcherStatsView-ViewModel.swift */,
			);
			path = Pitchers;
			sourceTree = "<group>";
		};
		498BCB722C4CF70A00EDC84E /* Fielder */ = {
			isa = PBXGroup;
			children = (
				498BCB522C4C040200EDC84E /* Fielder.swift */,
				498BCB5A2C4CE6C500EDC84E /* FielderStatsView.swift */,
				498BCB5C2C4CE72A00EDC84E /* FielderStatsView-ViewModel.swift */,
			);
			path = Fielder;
			sourceTree = "<group>";
		};
		498BCB732C4CF72300EDC84E /* Catcher */ = {
			isa = PBXGroup;
			children = (
				498BCB542C4CAE7700EDC84E /* Catcher.swift */,
				498BCB662C4CE92700EDC84E /* CatcherStatsView.swift */,
				498BCB682C4CE93200EDC84E /* CatcherStatsView-ViewModel.swift */,
			);
			path = Catcher;
			sourceTree = "<group>";
		};
		498BCB7A2C4E7DDF00EDC84E /* Stats */ = {
			isa = PBXGroup;
			children = (
				498BCB812C4E81A700EDC84E /* Custom Views */,
				498BCB702C4CF6C000EDC84E /* Hitters */,
				498BCB712C4CF6EC00EDC84E /* Pitchers */,
				498BCB722C4CF70A00EDC84E /* Fielder */,
				498BCB732C4CF72300EDC84E /* Catcher */,
			);
			path = Stats;
			sourceTree = "<group>";
		};
		498BCB812C4E81A700EDC84E /* Custom Views */ = {
			isa = PBXGroup;
			children = (
				498BCB7F2C4E817300EDC84E /* SeasonRangePicker.swift */,
				498BCB7D2C4E7ECC00EDC84E /* TimeFramePicker.swift */,
				498BCB822C4E83E400EDC84E /* MinimumSelectionPicker.swift */,
				498BCB842C4E856E00EDC84E /* NumberOfResultsView.swift */,
			);
			path = "Custom Views";
			sourceTree = "<group>";
		};
		498BCB8A2C4FB75B00EDC84E /* Global */ = {
			isa = PBXGroup;
			children = (
				498BCB762C4E1E0C00EDC84E /* Enumerations.swift */,
				498BCB502C4BD6A300EDC84E /* Extensions.swift */,
				4930723F2C5C56750057FF93 /* StatsManager.swift */,
				498BCB862C4F787C00EDC84E /* TeamIdMapping.swift */,
			);
			path = Global;
			sourceTree = "<group>";
		};
		49DC63032C44950100A5C81A = {
			isa = PBXGroup;
			children = (
				49DC630E2C44950100A5C81A /* MLBStats */,
				49DC630D2C44950100A5C81A /* Products */,
			);
			sourceTree = "<group>";
		};
		49DC630D2C44950100A5C81A /* Products */ = {
			isa = PBXGroup;
			children = (
				49DC630C2C44950100A5C81A /* MLBStats.app */,
			);
			name = Products;
			sourceTree = "<group>";
		};
		49DC630E2C44950100A5C81A /* MLBStats */ = {
			isa = PBXGroup;
			children = (
				49DC630F2C44950100A5C81A /* MLBStatsApp.swift */,
				493072452C5C572B0057FF93 /* HomeView.swift */,
				493072412C5C56AF0057FF93 /* StatsView.swift */,
				493072432C5C56BA0057FF93 /* StatsView-ViewModel.swift */,
				498BCB7A2C4E7DDF00EDC84E /* Stats */,
				4908F5822C50BFC6000B98D5 /* Schedule */,
				498BCB8A2C4FB75B00EDC84E /* Global */,
				49DC63132C44950200A5C81A /* Assets.xcassets */,
				49DC63152C44950200A5C81A /* Preview Content */,
			);
			path = MLBStats;
			sourceTree = "<group>";
		};
		49DC63152C44950200A5C81A /* Preview Content */ = {
			isa = PBXGroup;
			children = (
				49DC63162C44950200A5C81A /* Preview Assets.xcassets */,
			);
			path = "Preview Content";
			sourceTree = "<group>";
		};
/* End PBXGroup section */

/* Begin PBXNativeTarget section */
		49DC630B2C44950100A5C81A /* MLBStats */ = {
			isa = PBXNativeTarget;
			buildConfigurationList = 49DC631A2C44950200A5C81A /* Build configuration list for PBXNativeTarget "MLBStats" */;
			buildPhases = (
				49DC63082C44950100A5C81A /* Sources */,
				49DC63092C44950100A5C81A /* Frameworks */,
				49DC630A2C44950100A5C81A /* Resources */,
			);
			buildRules = (
			);
			dependencies = (
			);
			name = MLBStats;
			packageProductDependencies = (
				4912D4D12C596B3E0078BC21 /* SDWebImageSVGCoder */,
				4912D4D42C596B7C0078BC21 /* SDWebImageSwiftUI */,
			);
			productName = MLBStats;
			productReference = 49DC630C2C44950100A5C81A /* MLBStats.app */;
			productType = "com.apple.product-type.application";
		};
/* End PBXNativeTarget section */

/* Begin PBXProject section */
		49DC63042C44950100A5C81A /* Project object */ = {
			isa = PBXProject;
			attributes = {
				BuildIndependentTargetsInParallel = 1;
				LastSwiftUpdateCheck = 1540;
				LastUpgradeCheck = 1540;
				TargetAttributes = {
					49DC630B2C44950100A5C81A = {
						CreatedOnToolsVersion = 15.4;
					};
				};
			};
			buildConfigurationList = 49DC63072C44950100A5C81A /* Build configuration list for PBXProject "MLBStats" */;
			compatibilityVersion = "Xcode 14.0";
			developmentRegion = en;
			hasScannedForEncodings = 0;
			knownRegions = (
				en,
				Base,
			);
			mainGroup = 49DC63032C44950100A5C81A;
			packageReferences = (
				4912D4D02C596B3E0078BC21 /* XCRemoteSwiftPackageReference "SDWebImageSVGCoder" */,
				4912D4D32C596B7C0078BC21 /* XCRemoteSwiftPackageReference "SDWebImageSwiftUI" */,
			);
			productRefGroup = 49DC630D2C44950100A5C81A /* Products */;
			projectDirPath = "";
			projectRoot = "";
			targets = (
				49DC630B2C44950100A5C81A /* MLBStats */,
			);
		};
/* End PBXProject section */

/* Begin PBXResourcesBuildPhase section */
		49DC630A2C44950100A5C81A /* Resources */ = {
			isa = PBXResourcesBuildPhase;
			buildActionMask = 2147483647;
			files = (
				49DC63172C44950200A5C81A /* Preview Assets.xcassets in Resources */,
				49DC63142C44950200A5C81A /* Assets.xcassets in Resources */,
			);
			runOnlyForDeploymentPostprocessing = 0;
		};
/* End PBXResourcesBuildPhase section */

/* Begin PBXSourcesBuildPhase section */
		49DC63082C44950100A5C81A /* Sources */ = {
			isa = PBXSourcesBuildPhase;
			buildActionMask = 2147483647;
			files = (
				498BCB692C4CE93200EDC84E /* CatcherStatsView-ViewModel.swift in Sources */,
				493072402C5C56750057FF93 /* StatsManager.swift in Sources */,
				498BCB942C4FD22100EDC84E /* ScheduleView-ViewModel.swift in Sources */,
				493072482C5C580C0057FF93 /* ScheduleDetailView-ViewModel.swift in Sources */,
				498BCB512C4BD6A300EDC84E /* Extensions.swift in Sources */,
				493072462C5C572B0057FF93 /* HomeView.swift in Sources */,
				498BCB832C4E83E400EDC84E /* MinimumSelectionPicker.swift in Sources */,
				4908F58B2C52956B000B98D5 /* ScheduleDetailView.swift in Sources */,
				498BCB852C4E856E00EDC84E /* NumberOfResultsView.swift in Sources */,
				498BCB5D2C4CE72A00EDC84E /* FielderStatsView-ViewModel.swift in Sources */,
				4912D4CF2C5961600078BC21 /* LiveData.swift in Sources */,
				498BCB552C4CAE7700EDC84E /* Catcher.swift in Sources */,
				493072422C5C56AF0057FF93 /* StatsView.swift in Sources */,
				4908F5892C51E6A3000B98D5 /* TeamFieldingAndCatching.swift in Sources */,
				498BCB8E2C4FB7D500EDC84E /* ScheduleView.swift in Sources */,
				498BCB672C4CE92700EDC84E /* CatcherStatsView.swift in Sources */,
				498BCB7E2C4E7ECD00EDC84E /* TimeFramePicker.swift in Sources */,
				49EBD3992C56D11900AB0EF7 /* TeamHitting.swift in Sources */,
				498BCB652C4CE91400EDC84E /* PitcherStatsView-ViewModel.swift in Sources */,
				498BCB802C4E817300EDC84E /* SeasonRangePicker.swift in Sources */,
				498BCB6B2C4CEBDE00EDC84E /* HitterStatsView.swift in Sources */,
				498BCB632C4CE90300EDC84E /* PitcherStatsView.swift in Sources */,
				498BCB872C4F787C00EDC84E /* TeamIdMapping.swift in Sources */,
				498BCB532C4C040200EDC84E /* Fielder.swift in Sources */,
				49EBD39D2C56D59A00AB0EF7 /* TeamPitching.swift in Sources */,
				498BCB772C4E1E0C00EDC84E /* Enumerations.swift in Sources */,
				498BCB4B2C4BCECB00EDC84E /* Hitter.swift in Sources */,
				49DC63102C44950100A5C81A /* MLBStatsApp.swift in Sources */,
				498BCB612C4CE83400EDC84E /* HitterStatsView-ViewModel.swift in Sources */,
				498BCB4D2C4BCF3600EDC84E /* Pitcher.swift in Sources */,
				498BCB902C4FB7E000EDC84E /* Schedule.swift in Sources */,
				498BCB5B2C4CE6C500EDC84E /* FielderStatsView.swift in Sources */,
				493072442C5C56BA0057FF93 /* StatsView-ViewModel.swift in Sources */,
			);
			runOnlyForDeploymentPostprocessing = 0;
		};
/* End PBXSourcesBuildPhase section */

/* Begin XCBuildConfiguration section */
		49DC63182C44950200A5C81A /* Debug */ = {
			isa = XCBuildConfiguration;
			buildSettings = {
				ALWAYS_SEARCH_USER_PATHS = NO;
				ASSETCATALOG_COMPILER_GENERATE_SWIFT_ASSET_SYMBOL_EXTENSIONS = YES;
				CLANG_ANALYZER_NONNULL = YES;
				CLANG_ANALYZER_NUMBER_OBJECT_CONVERSION = YES_AGGRESSIVE;
				CLANG_CXX_LANGUAGE_STANDARD = "gnu++20";
				CLANG_ENABLE_MODULES = YES;
				CLANG_ENABLE_OBJC_ARC = YES;
				CLANG_ENABLE_OBJC_WEAK = YES;
				CLANG_WARN_BLOCK_CAPTURE_AUTORELEASING = YES;
				CLANG_WARN_BOOL_CONVERSION = YES;
				CLANG_WARN_COMMA = YES;
				CLANG_WARN_CONSTANT_CONVERSION = YES;
				CLANG_WARN_DEPRECATED_OBJC_IMPLEMENTATIONS = YES;
				CLANG_WARN_DIRECT_OBJC_ISA_USAGE = YES_ERROR;
				CLANG_WARN_DOCUMENTATION_COMMENTS = YES;
				CLANG_WARN_EMPTY_BODY = YES;
				CLANG_WARN_ENUM_CONVERSION = YES;
				CLANG_WARN_INFINITE_RECURSION = YES;
				CLANG_WARN_INT_CONVERSION = YES;
				CLANG_WARN_NON_LITERAL_NULL_CONVERSION = YES;
				CLANG_WARN_OBJC_IMPLICIT_RETAIN_SELF = YES;
				CLANG_WARN_OBJC_LITERAL_CONVERSION = YES;
				CLANG_WARN_OBJC_ROOT_CLASS = YES_ERROR;
				CLANG_WARN_QUOTED_INCLUDE_IN_FRAMEWORK_HEADER = YES;
				CLANG_WARN_RANGE_LOOP_ANALYSIS = YES;
				CLANG_WARN_STRICT_PROTOTYPES = YES;
				CLANG_WARN_SUSPICIOUS_MOVE = YES;
				CLANG_WARN_UNGUARDED_AVAILABILITY = YES_AGGRESSIVE;
				CLANG_WARN_UNREACHABLE_CODE = YES;
				CLANG_WARN__DUPLICATE_METHOD_MATCH = YES;
				COPY_PHASE_STRIP = NO;
				DEBUG_INFORMATION_FORMAT = dwarf;
				ENABLE_STRICT_OBJC_MSGSEND = YES;
				ENABLE_TESTABILITY = YES;
				ENABLE_USER_SCRIPT_SANDBOXING = YES;
				GCC_C_LANGUAGE_STANDARD = gnu17;
				GCC_DYNAMIC_NO_PIC = NO;
				GCC_NO_COMMON_BLOCKS = YES;
				GCC_OPTIMIZATION_LEVEL = 0;
				GCC_PREPROCESSOR_DEFINITIONS = (
					"DEBUG=1",
					"$(inherited)",
				);
				GCC_WARN_64_TO_32_BIT_CONVERSION = YES;
				GCC_WARN_ABOUT_RETURN_TYPE = YES_ERROR;
				GCC_WARN_UNDECLARED_SELECTOR = YES;
				GCC_WARN_UNINITIALIZED_AUTOS = YES_AGGRESSIVE;
				GCC_WARN_UNUSED_FUNCTION = YES;
				GCC_WARN_UNUSED_VARIABLE = YES;
				IPHONEOS_DEPLOYMENT_TARGET = 17.5;
				LOCALIZATION_PREFERS_STRING_CATALOGS = YES;
				MTL_ENABLE_DEBUG_INFO = INCLUDE_SOURCE;
				MTL_FAST_MATH = YES;
				ONLY_ACTIVE_ARCH = YES;
				SDKROOT = iphoneos;
				SWIFT_ACTIVE_COMPILATION_CONDITIONS = "DEBUG $(inherited)";
				SWIFT_OPTIMIZATION_LEVEL = "-Onone";
			};
			name = Debug;
		};
		49DC63192C44950200A5C81A /* Release */ = {
			isa = XCBuildConfiguration;
			buildSettings = {
				ALWAYS_SEARCH_USER_PATHS = NO;
				ASSETCATALOG_COMPILER_GENERATE_SWIFT_ASSET_SYMBOL_EXTENSIONS = YES;
				CLANG_ANALYZER_NONNULL = YES;
				CLANG_ANALYZER_NUMBER_OBJECT_CONVERSION = YES_AGGRESSIVE;
				CLANG_CXX_LANGUAGE_STANDARD = "gnu++20";
				CLANG_ENABLE_MODULES = YES;
				CLANG_ENABLE_OBJC_ARC = YES;
				CLANG_ENABLE_OBJC_WEAK = YES;
				CLANG_WARN_BLOCK_CAPTURE_AUTORELEASING = YES;
				CLANG_WARN_BOOL_CONVERSION = YES;
				CLANG_WARN_COMMA = YES;
				CLANG_WARN_CONSTANT_CONVERSION = YES;
				CLANG_WARN_DEPRECATED_OBJC_IMPLEMENTATIONS = YES;
				CLANG_WARN_DIRECT_OBJC_ISA_USAGE = YES_ERROR;
				CLANG_WARN_DOCUMENTATION_COMMENTS = YES;
				CLANG_WARN_EMPTY_BODY = YES;
				CLANG_WARN_ENUM_CONVERSION = YES;
				CLANG_WARN_INFINITE_RECURSION = YES;
				CLANG_WARN_INT_CONVERSION = YES;
				CLANG_WARN_NON_LITERAL_NULL_CONVERSION = YES;
				CLANG_WARN_OBJC_IMPLICIT_RETAIN_SELF = YES;
				CLANG_WARN_OBJC_LITERAL_CONVERSION = YES;
				CLANG_WARN_OBJC_ROOT_CLASS = YES_ERROR;
				CLANG_WARN_QUOTED_INCLUDE_IN_FRAMEWORK_HEADER = YES;
				CLANG_WARN_RANGE_LOOP_ANALYSIS = YES;
				CLANG_WARN_STRICT_PROTOTYPES = YES;
				CLANG_WARN_SUSPICIOUS_MOVE = YES;
				CLANG_WARN_UNGUARDED_AVAILABILITY = YES_AGGRESSIVE;
				CLANG_WARN_UNREACHABLE_CODE = YES;
				CLANG_WARN__DUPLICATE_METHOD_MATCH = YES;
				COPY_PHASE_STRIP = NO;
				DEBUG_INFORMATION_FORMAT = "dwarf-with-dsym";
				ENABLE_NS_ASSERTIONS = NO;
				ENABLE_STRICT_OBJC_MSGSEND = YES;
				ENABLE_USER_SCRIPT_SANDBOXING = YES;
				GCC_C_LANGUAGE_STANDARD = gnu17;
				GCC_NO_COMMON_BLOCKS = YES;
				GCC_WARN_64_TO_32_BIT_CONVERSION = YES;
				GCC_WARN_ABOUT_RETURN_TYPE = YES_ERROR;
				GCC_WARN_UNDECLARED_SELECTOR = YES;
				GCC_WARN_UNINITIALIZED_AUTOS = YES_AGGRESSIVE;
				GCC_WARN_UNUSED_FUNCTION = YES;
				GCC_WARN_UNUSED_VARIABLE = YES;
				IPHONEOS_DEPLOYMENT_TARGET = 17.5;
				LOCALIZATION_PREFERS_STRING_CATALOGS = YES;
				MTL_ENABLE_DEBUG_INFO = NO;
				MTL_FAST_MATH = YES;
				SDKROOT = iphoneos;
				SWIFT_COMPILATION_MODE = wholemodule;
				VALIDATE_PRODUCT = YES;
			};
			name = Release;
		};
		49DC631B2C44950200A5C81A /* Debug */ = {
			isa = XCBuildConfiguration;
			buildSettings = {
				ASSETCATALOG_COMPILER_APPICON_NAME = AppIcon;
				ASSETCATALOG_COMPILER_GLOBAL_ACCENT_COLOR_NAME = AccentColor;
				CODE_SIGN_STYLE = Automatic;
				CURRENT_PROJECT_VERSION = 1;
				DEVELOPMENT_ASSET_PATHS = "\"MLBStats/Preview Content\"";
				ENABLE_PREVIEWS = YES;
				GENERATE_INFOPLIST_FILE = YES;
				INFOPLIST_KEY_UIApplicationSceneManifest_Generation = YES;
				INFOPLIST_KEY_UIApplicationSupportsIndirectInputEvents = YES;
				INFOPLIST_KEY_UILaunchScreen_Generation = YES;
				INFOPLIST_KEY_UISupportedInterfaceOrientations_iPad = "UIInterfaceOrientationPortrait UIInterfaceOrientationPortraitUpsideDown UIInterfaceOrientationLandscapeLeft UIInterfaceOrientationLandscapeRight";
				INFOPLIST_KEY_UISupportedInterfaceOrientations_iPhone = "UIInterfaceOrientationPortrait UIInterfaceOrientationLandscapeLeft UIInterfaceOrientationLandscapeRight";
				LD_RUNPATH_SEARCH_PATHS = (
					"$(inherited)",
					"@executable_path/Frameworks",
				);
				MARKETING_VERSION = 1.0;
				PRODUCT_BUNDLE_IDENTIFIER = com.andrewxin.MLBStats;
				PRODUCT_NAME = "$(TARGET_NAME)";
				SWIFT_EMIT_LOC_STRINGS = YES;
				SWIFT_VERSION = 5.0;
				TARGETED_DEVICE_FAMILY = "1,2";
			};
			name = Debug;
		};
		49DC631C2C44950200A5C81A /* Release */ = {
			isa = XCBuildConfiguration;
			buildSettings = {
				ASSETCATALOG_COMPILER_APPICON_NAME = AppIcon;
				ASSETCATALOG_COMPILER_GLOBAL_ACCENT_COLOR_NAME = AccentColor;
				CODE_SIGN_STYLE = Automatic;
				CURRENT_PROJECT_VERSION = 1;
				DEVELOPMENT_ASSET_PATHS = "\"MLBStats/Preview Content\"";
				ENABLE_PREVIEWS = YES;
				GENERATE_INFOPLIST_FILE = YES;
				INFOPLIST_KEY_UIApplicationSceneManifest_Generation = YES;
				INFOPLIST_KEY_UIApplicationSupportsIndirectInputEvents = YES;
				INFOPLIST_KEY_UILaunchScreen_Generation = YES;
				INFOPLIST_KEY_UISupportedInterfaceOrientations_iPad = "UIInterfaceOrientationPortrait UIInterfaceOrientationPortraitUpsideDown UIInterfaceOrientationLandscapeLeft UIInterfaceOrientationLandscapeRight";
				INFOPLIST_KEY_UISupportedInterfaceOrientations_iPhone = "UIInterfaceOrientationPortrait UIInterfaceOrientationLandscapeLeft UIInterfaceOrientationLandscapeRight";
				LD_RUNPATH_SEARCH_PATHS = (
					"$(inherited)",
					"@executable_path/Frameworks",
				);
				MARKETING_VERSION = 1.0;
				PRODUCT_BUNDLE_IDENTIFIER = com.andrewxin.MLBStats;
				PRODUCT_NAME = "$(TARGET_NAME)";
				SWIFT_EMIT_LOC_STRINGS = YES;
				SWIFT_VERSION = 5.0;
				TARGETED_DEVICE_FAMILY = "1,2";
			};
			name = Release;
		};
/* End XCBuildConfiguration section */

/* Begin XCConfigurationList section */
		49DC63072C44950100A5C81A /* Build configuration list for PBXProject "MLBStats" */ = {
			isa = XCConfigurationList;
			buildConfigurations = (
				49DC63182C44950200A5C81A /* Debug */,
				49DC63192C44950200A5C81A /* Release */,
			);
			defaultConfigurationIsVisible = 0;
			defaultConfigurationName = Release;
		};
		49DC631A2C44950200A5C81A /* Build configuration list for PBXNativeTarget "MLBStats" */ = {
			isa = XCConfigurationList;
			buildConfigurations = (
				49DC631B2C44950200A5C81A /* Debug */,
				49DC631C2C44950200A5C81A /* Release */,
			);
			defaultConfigurationIsVisible = 0;
			defaultConfigurationName = Release;
		};
/* End XCConfigurationList section */

/* Begin XCRemoteSwiftPackageReference section */
		4912D4D02C596B3E0078BC21 /* XCRemoteSwiftPackageReference "SDWebImageSVGCoder" */ = {
			isa = XCRemoteSwiftPackageReference;
			repositoryURL = "https://github.com/SDWebImage/SDWebImageSVGCoder";
			requirement = {
				kind = upToNextMajorVersion;
				minimumVersion = 1.7.0;
			};
		};
		4912D4D32C596B7C0078BC21 /* XCRemoteSwiftPackageReference "SDWebImageSwiftUI" */ = {
			isa = XCRemoteSwiftPackageReference;
			repositoryURL = "https://github.com/SDWebImage/SDWebImageSwiftUI";
			requirement = {
				kind = upToNextMajorVersion;
				minimumVersion = 3.1.1;
			};
		};
/* End XCRemoteSwiftPackageReference section */

/* Begin XCSwiftPackageProductDependency section */
		4912D4D12C596B3E0078BC21 /* SDWebImageSVGCoder */ = {
			isa = XCSwiftPackageProductDependency;
			package = 4912D4D02C596B3E0078BC21 /* XCRemoteSwiftPackageReference "SDWebImageSVGCoder" */;
			productName = SDWebImageSVGCoder;
		};
		4912D4D42C596B7C0078BC21 /* SDWebImageSwiftUI */ = {
			isa = XCSwiftPackageProductDependency;
			package = 4912D4D32C596B7C0078BC21 /* XCRemoteSwiftPackageReference "SDWebImageSwiftUI" */;
			productName = SDWebImageSwiftUI;
		};
/* End XCSwiftPackageProductDependency section */
	};
	rootObject = 49DC63042C44950100A5C81A /* Project object */;
}
